// !$*UTF8*$!
{
	archiveVersion = 1;
	classes = {
	};
	objectVersion = 46;
	objects = {

/* Begin PBXBuildFile section */
		A72BE7E31D0BE16C00C56F03 /* main.m in Sources */ = {isa = PBXBuildFile; fileRef = A72BE7E21D0BE16C00C56F03 /* main.m */; };
		A72BE7E61D0BE16C00C56F03 /* AppDelegate.m in Sources */ = {isa = PBXBuildFile; fileRef = A72BE7E51D0BE16C00C56F03 /* AppDelegate.m */; };
		A72BE7E91D0BE16C00C56F03 /* ViewController.m in Sources */ = {isa = PBXBuildFile; fileRef = A72BE7E81D0BE16C00C56F03 /* ViewController.m */; };
		A72BE7EC1D0BE16C00C56F03 /* Main.storyboard in Resources */ = {isa = PBXBuildFile; fileRef = A72BE7EA1D0BE16C00C56F03 /* Main.storyboard */; };
		A72BE7EE1D0BE16C00C56F03 /* Assets.xcassets in Resources */ = {isa = PBXBuildFile; fileRef = A72BE7ED1D0BE16C00C56F03 /* Assets.xcassets */; };
		A72BE7F11D0BE16C00C56F03 /* LaunchScreen.storyboard in Resources */ = {isa = PBXBuildFile; fileRef = A72BE7EF1D0BE16C00C56F03 /* LaunchScreen.storyboard */; };
		A72BE7FC1D0BE16C00C56F03 /* HYF_____Tests.m in Sources */ = {isa = PBXBuildFile; fileRef = A72BE7FB1D0BE16C00C56F03 /* HYF_____Tests.m */; };
		A72BE8071D0BE16C00C56F03 /* HYF_____UITests.m in Sources */ = {isa = PBXBuildFile; fileRef = A72BE8061D0BE16C00C56F03 /* HYF_____UITests.m */; };
		A72BE81C1D0C264300C56F03 /* Gennerator.storyboard in Resources */ = {isa = PBXBuildFile; fileRef = A72BE81A1D0C264300C56F03 /* Gennerator.storyboard */; };
		A72BE81F1D0C29D700C56F03 /* Detector.m in Sources */ = {isa = PBXBuildFile; fileRef = A72BE81E1D0C29D700C56F03 /* Detector.m */; };
		A72BE8261D0C2C1500C56F03 /* QRCodeManager.m in Sources */ = {isa = PBXBuildFile; fileRef = A72BE8251D0C2C1500C56F03 /* QRCodeManager.m */; };
		A72BE8291D0C2FF000C56F03 /* Gennerator2.storyboard in Resources */ = {isa = PBXBuildFile; fileRef = A72BE8271D0C2FF000C56F03 /* Gennerator2.storyboard */; };
		A72BE82F1D0C303500C56F03 /* Gennerator.m in Sources */ = {isa = PBXBuildFile; fileRef = A72BE82E1D0C303500C56F03 /* Gennerator.m */; };
		A72BE8321D0C391900C56F03 /* Scanning.storyboard in Resources */ = {isa = PBXBuildFile; fileRef = A72BE8301D0C391900C56F03 /* Scanning.storyboard */; };
		A72BE8351D0C392D00C56F03 /* Scanning.m in Sources */ = {isa = PBXBuildFile; fileRef = A72BE8341D0C392D00C56F03 /* Scanning.m */; };
/* End PBXBuildFile section */

/* Begin PBXContainerItemProxy section */
		A72BE7F81D0BE16C00C56F03 /* PBXContainerItemProxy */ = {
			isa = PBXContainerItemProxy;
			containerPortal = A72BE7D61D0BE16C00C56F03 /* Project object */;
			proxyType = 1;
			remoteGlobalIDString = A72BE7DD1D0BE16C00C56F03;
			remoteInfo = "HYF--二维码";
		};
		A72BE8031D0BE16C00C56F03 /* PBXContainerItemProxy */ = {
			isa = PBXContainerItemProxy;
			containerPortal = A72BE7D61D0BE16C00C56F03 /* Project object */;
			proxyType = 1;
			remoteGlobalIDString = A72BE7DD1D0BE16C00C56F03;
			remoteInfo = "HYF--二维码";
		};
/* End PBXContainerItemProxy section */

/* Begin PBXFileReference section */
		A72BE7DE1D0BE16C00C56F03 /* HYF--二维码.app */ = {isa = PBXFileReference; explicitFileType = wrapper.application; includeInIndex = 0; path = "HYF--二维码.app"; sourceTree = BUILT_PRODUCTS_DIR; };
		A72BE7E21D0BE16C00C56F03 /* main.m */ = {isa = PBXFileReference; lastKnownFileType = sourcecode.c.objc; path = main.m; sourceTree = "<group>"; };
		A72BE7E41D0BE16C00C56F03 /* AppDelegate.h */ = {isa = PBXFileReference; lastKnownFileType = sourcecode.c.h; name = AppDelegate.h; path = ../../AppDelegate.h; sourceTree = "<group>"; };
		A72BE7E51D0BE16C00C56F03 /* AppDelegate.m */ = {isa = PBXFileReference; lastKnownFileType = sourcecode.c.objc; name = AppDelegate.m; path = ../../AppDelegate.m; sourceTree = "<group>"; };
		A72BE7E71D0BE16C00C56F03 /* ViewController.h */ = {isa = PBXFileReference; lastKnownFileType = sourcecode.c.h; name = ViewController.h; path = ../../ViewController.h; sourceTree = "<group>"; };
		A72BE7E81D0BE16C00C56F03 /* ViewController.m */ = {isa = PBXFileReference; lastKnownFileType = sourcecode.c.objc; name = ViewController.m; path = ../../ViewController.m; sourceTree = "<group>"; };
		A72BE7EB1D0BE16C00C56F03 /* Base */ = {isa = PBXFileReference; lastKnownFileType = file.storyboard; name = Base; path = Base.lproj/Main.storyboard; sourceTree = "<group>"; };
		A72BE7ED1D0BE16C00C56F03 /* Assets.xcassets */ = {isa = PBXFileReference; lastKnownFileType = folder.assetcatalog; path = Assets.xcassets; sourceTree = "<group>"; };
		A72BE7F01D0BE16C00C56F03 /* Base */ = {isa = PBXFileReference; lastKnownFileType = file.storyboard; name = Base; path = Base.lproj/LaunchScreen.storyboard; sourceTree = "<group>"; };
		A72BE7F21D0BE16C00C56F03 /* Info.plist */ = {isa = PBXFileReference; lastKnownFileType = text.plist.xml; path = Info.plist; sourceTree = "<group>"; };
		A72BE7F71D0BE16C00C56F03 /* HYF--二维码Tests.xctest */ = {isa = PBXFileReference; explicitFileType = wrapper.cfbundle; includeInIndex = 0; path = "HYF--二维码Tests.xctest"; sourceTree = BUILT_PRODUCTS_DIR; };
		A72BE7FB1D0BE16C00C56F03 /* HYF_____Tests.m */ = {isa = PBXFileReference; lastKnownFileType = sourcecode.c.objc; path = "HYF_____Tests.m"; sourceTree = "<group>"; };
		A72BE7FD1D0BE16C00C56F03 /* Info.plist */ = {isa = PBXFileReference; lastKnownFileType = text.plist.xml; path = Info.plist; sourceTree = "<group>"; };
		A72BE8021D0BE16C00C56F03 /* HYF--二维码UITests.xctest */ = {isa = PBXFileReference; explicitFileType = wrapper.cfbundle; includeInIndex = 0; path = "HYF--二维码UITests.xctest"; sourceTree = BUILT_PRODUCTS_DIR; };
		A72BE8061D0BE16C00C56F03 /* HYF_____UITests.m */ = {isa = PBXFileReference; lastKnownFileType = sourcecode.c.objc; path = "HYF_____UITests.m"; sourceTree = "<group>"; };
		A72BE8081D0BE16C00C56F03 /* Info.plist */ = {isa = PBXFileReference; lastKnownFileType = text.plist.xml; path = Info.plist; sourceTree = "<group>"; };
		A72BE81B1D0C264300C56F03 /* Base */ = {isa = PBXFileReference; lastKnownFileType = file.storyboard; name = Base; path = Base.lproj/Gennerator.storyboard; sourceTree = "<group>"; };
		A72BE81D1D0C29D700C56F03 /* Detector.h */ = {isa = PBXFileReference; fileEncoding = 4; lastKnownFileType = sourcecode.c.h; path = Detector.h; sourceTree = "<group>"; };
		A72BE81E1D0C29D700C56F03 /* Detector.m */ = {isa = PBXFileReference; fileEncoding = 4; lastKnownFileType = sourcecode.c.objc; path = Detector.m; sourceTree = "<group>"; };
		A72BE8241D0C2C1000C56F03 /* QRCodeManager.h */ = {isa = PBXFileReference; lastKnownFileType = sourcecode.c.h; name = QRCodeManager.h; path = "../../../../../../../Desktop/二维码/资料/代码/12-QRCode(QRCode代码抽取)/QRCode/Classes/Tools/QRCodeManager.h"; sourceTree = "<group>"; };
		A72BE8251D0C2C1500C56F03 /* QRCodeManager.m */ = {isa = PBXFileReference; fileEncoding = 4; lastKnownFileType = sourcecode.c.objc; name = QRCodeManager.m; path = "../../../../../../../Desktop/二维码/资料/代码/12-QRCode(QRCode代码抽取)/QRCode/Classes/Tools/QRCodeManager.m"; sourceTree = "<group>"; };
		A72BE8281D0C2FF000C56F03 /* Base */ = {isa = PBXFileReference; lastKnownFileType = file.storyboard; name = Base; path = Base.lproj/Gennerator2.storyboard; sourceTree = "<group>"; };
		A72BE82D1D0C303500C56F03 /* Gennerator.h */ = {isa = PBXFileReference; fileEncoding = 4; lastKnownFileType = sourcecode.c.h; path = Gennerator.h; sourceTree = "<group>"; };
		A72BE82E1D0C303500C56F03 /* Gennerator.m */ = {isa = PBXFileReference; fileEncoding = 4; lastKnownFileType = sourcecode.c.objc; path = Gennerator.m; sourceTree = "<group>"; };
		A72BE8311D0C391900C56F03 /* Base */ = {isa = PBXFileReference; lastKnownFileType = file.storyboard; name = Base; path = Base.lproj/Scanning.storyboard; sourceTree = "<group>"; };
		A72BE8331D0C392D00C56F03 /* Scanning.h */ = {isa = PBXFileReference; fileEncoding = 4; lastKnownFileType = sourcecode.c.h; path = Scanning.h; sourceTree = "<group>"; };
		A72BE8341D0C392D00C56F03 /* Scanning.m */ = {isa = PBXFileReference; fileEncoding = 4; lastKnownFileType = sourcecode.c.objc; path = Scanning.m; sourceTree = "<group>"; };
/* End PBXFileReference section */

/* Begin PBXFrameworksBuildPhase section */
		A72BE7DB1D0BE16C00C56F03 /* Frameworks */ = {
			isa = PBXFrameworksBuildPhase;
			buildActionMask = 2147483647;
			files = (
			);
			runOnlyForDeploymentPostprocessing = 0;
		};
		A72BE7F41D0BE16C00C56F03 /* Frameworks */ = {
			isa = PBXFrameworksBuildPhase;
			buildActionMask = 2147483647;
			files = (
			);
			runOnlyForDeploymentPostprocessing = 0;
		};
		A72BE7FF1D0BE16C00C56F03 /* Frameworks */ = {
			isa = PBXFrameworksBuildPhase;
			buildActionMask = 2147483647;
			files = (
			);
			runOnlyForDeploymentPostprocessing = 0;
		};
/* End PBXFrameworksBuildPhase section */

/* Begin PBXGroup section */
		A72BE7D51D0BE16C00C56F03 = {
			isa = PBXGroup;
			children = (
				A72BE7E01D0BE16C00C56F03 /* HYF--二维码 */,
				A72BE7FA1D0BE16C00C56F03 /* HYF--二维码Tests */,
				A72BE8051D0BE16C00C56F03 /* HYF--二维码UITests */,
				A72BE7DF1D0BE16C00C56F03 /* Products */,
			);
			sourceTree = "<group>";
		};
		A72BE7DF1D0BE16C00C56F03 /* Products */ = {
			isa = PBXGroup;
			children = (
				A72BE7DE1D0BE16C00C56F03 /* HYF--二维码.app */,
				A72BE7F71D0BE16C00C56F03 /* HYF--二维码Tests.xctest */,
				A72BE8021D0BE16C00C56F03 /* HYF--二维码UITests.xctest */,
			);
			name = Products;
			sourceTree = "<group>";
		};
		A72BE7E01D0BE16C00C56F03 /* HYF--二维码 */ = {
			isa = PBXGroup;
			children = (
				A72BE8141D0BE21C00C56F03 /* Classes */,
				A72BE7EA1D0BE16C00C56F03 /* Main.storyboard */,
				A72BE7ED1D0BE16C00C56F03 /* Assets.xcassets */,
				A72BE7EF1D0BE16C00C56F03 /* LaunchScreen.storyboard */,
				A72BE7F21D0BE16C00C56F03 /* Info.plist */,
				A72BE7E11D0BE16C00C56F03 /* Supporting Files */,
			);
			path = "HYF--二维码";
			sourceTree = "<group>";
		};
		A72BE7E11D0BE16C00C56F03 /* Supporting Files */ = {
			isa = PBXGroup;
			children = (
				A72BE7E21D0BE16C00C56F03 /* main.m */,
			);
			name = "Supporting Files";
			sourceTree = "<group>";
		};
		A72BE7FA1D0BE16C00C56F03 /* HYF--二维码Tests */ = {
			isa = PBXGroup;
			children = (
				A72BE7FB1D0BE16C00C56F03 /* HYF_____Tests.m */,
				A72BE7FD1D0BE16C00C56F03 /* Info.plist */,
			);
			path = "HYF--二维码Tests";
			sourceTree = "<group>";
		};
		A72BE8051D0BE16C00C56F03 /* HYF--二维码UITests */ = {
			isa = PBXGroup;
			children = (
				A72BE8061D0BE16C00C56F03 /* HYF_____UITests.m */,
				A72BE8081D0BE16C00C56F03 /* Info.plist */,
			);
			path = "HYF--二维码UITests";
			sourceTree = "<group>";
		};
		A72BE8141D0BE21C00C56F03 /* Classes */ = {
			isa = PBXGroup;
			children = (
				A72BE8231D0C2C0000C56F03 /* Tool */,
				A72BE8151D0BE21C00C56F03 /* Detector */,
				A72BE8161D0BE21C00C56F03 /* Generator */,
				A72BE8171D0BE21C00C56F03 /* Home */,
				A72BE8191D0BE21C00C56F03 /* Scanning */,
				A72BE8181D0BE21C00C56F03 /* Other */,
			);
			path = Classes;
			sourceTree = "<group>";
		};
		A72BE8151D0BE21C00C56F03 /* Detector */ = {
			isa = PBXGroup;
			children = (
				A72BE81A1D0C264300C56F03 /* Gennerator.storyboard */,
				A72BE81D1D0C29D700C56F03 /* Detector.h */,
				A72BE81E1D0C29D700C56F03 /* Detector.m */,
			);
			path = Detector;
			sourceTree = "<group>";
		};
		A72BE8161D0BE21C00C56F03 /* Generator */ = {
			isa = PBXGroup;
			children = (
				A72BE8271D0C2FF000C56F03 /* Gennerator2.storyboard */,
				A72BE82D1D0C303500C56F03 /* Gennerator.h */,
				A72BE82E1D0C303500C56F03 /* Gennerator.m */,
			);
			path = Generator;
			sourceTree = "<group>";
		};
		A72BE8171D0BE21C00C56F03 /* Home */ = {
			isa = PBXGroup;
			children = (
				A72BE7E71D0BE16C00C56F03 /* ViewController.h */,
				A72BE7E81D0BE16C00C56F03 /* ViewController.m */,
			);
			path = Home;
			sourceTree = "<group>";
		};
		A72BE8181D0BE21C00C56F03 /* Other */ = {
			isa = PBXGroup;
			children = (
				A72BE7E41D0BE16C00C56F03 /* AppDelegate.h */,
				A72BE7E51D0BE16C00C56F03 /* AppDelegate.m */,
			);
			path = Other;
			sourceTree = "<group>";
		};
		A72BE8191D0BE21C00C56F03 /* Scanning */ = {
			isa = PBXGroup;
			children = (
				A72BE8301D0C391900C56F03 /* Scanning.storyboard */,
				A72BE8331D0C392D00C56F03 /* Scanning.h */,
				A72BE8341D0C392D00C56F03 /* Scanning.m */,
			);
			path = Scanning;
			sourceTree = "<group>";
		};
		A72BE8231D0C2C0000C56F03 /* Tool */ = {
			isa = PBXGroup;
			children = (
				A72BE8241D0C2C1000C56F03 /* QRCodeManager.h */,
				A72BE8251D0C2C1500C56F03 /* QRCodeManager.m */,
			);
			name = Tool;
			path = Detector;
			sourceTree = "<group>";
		};
/* End PBXGroup section */

/* Begin PBXNativeTarget section */
		A72BE7DD1D0BE16C00C56F03 /* HYF--二维码 */ = {
			isa = PBXNativeTarget;
			buildConfigurationList = A72BE80B1D0BE16C00C56F03 /* Build configuration list for PBXNativeTarget "HYF--二维码" */;
			buildPhases = (
				A72BE7DA1D0BE16C00C56F03 /* Sources */,
				A72BE7DB1D0BE16C00C56F03 /* Frameworks */,
				A72BE7DC1D0BE16C00C56F03 /* Resources */,
			);
			buildRules = (
			);
			dependencies = (
			);
			name = "HYF--二维码";
			productName = "HYF--二维码";
			productReference = A72BE7DE1D0BE16C00C56F03 /* HYF--二维码.app */;
			productType = "com.apple.product-type.application";
		};
		A72BE7F61D0BE16C00C56F03 /* HYF--二维码Tests */ = {
			isa = PBXNativeTarget;
			buildConfigurationList = A72BE80E1D0BE16C00C56F03 /* Build configuration list for PBXNativeTarget "HYF--二维码Tests" */;
			buildPhases = (
				A72BE7F31D0BE16C00C56F03 /* Sources */,
				A72BE7F41D0BE16C00C56F03 /* Frameworks */,
				A72BE7F51D0BE16C00C56F03 /* Resources */,
			);
			buildRules = (
			);
			dependencies = (
				A72BE7F91D0BE16C00C56F03 /* PBXTargetDependency */,
			);
			name = "HYF--二维码Tests";
			productName = "HYF--二维码Tests";
			productReference = A72BE7F71D0BE16C00C56F03 /* HYF--二维码Tests.xctest */;
			productType = "com.apple.product-type.bundle.unit-test";
		};
		A72BE8011D0BE16C00C56F03 /* HYF--二维码UITests */ = {
			isa = PBXNativeTarget;
			buildConfigurationList = A72BE8111D0BE16C00C56F03 /* Build configuration list for PBXNativeTarget "HYF--二维码UITests" */;
			buildPhases = (
				A72BE7FE1D0BE16C00C56F03 /* Sources */,
				A72BE7FF1D0BE16C00C56F03 /* Frameworks */,
				A72BE8001D0BE16C00C56F03 /* Resources */,
			);
			buildRules = (
			);
			dependencies = (
				A72BE8041D0BE16C00C56F03 /* PBXTargetDependency */,
			);
			name = "HYF--二维码UITests";
			productName = "HYF--二维码UITests";
			productReference = A72BE8021D0BE16C00C56F03 /* HYF--二维码UITests.xctest */;
			productType = "com.apple.product-type.bundle.ui-testing";
		};
/* End PBXNativeTarget section */

/* Begin PBXProject section */
		A72BE7D61D0BE16C00C56F03 /* Project object */ = {
			isa = PBXProject;
			attributes = {
				LastUpgradeCheck = 0710;
				ORGANIZATIONNAME = "my xcode01";
				TargetAttributes = {
					A72BE7DD1D0BE16C00C56F03 = {
						CreatedOnToolsVersion = 7.1;
					};
					A72BE7F61D0BE16C00C56F03 = {
						CreatedOnToolsVersion = 7.1;
						TestTargetID = A72BE7DD1D0BE16C00C56F03;
					};
					A72BE8011D0BE16C00C56F03 = {
						CreatedOnToolsVersion = 7.1;
						TestTargetID = A72BE7DD1D0BE16C00C56F03;
					};
				};
			};
			buildConfigurationList = A72BE7D91D0BE16C00C56F03 /* Build configuration list for PBXProject "HYF--二维码" */;
			compatibilityVersion = "Xcode 3.2";
			developmentRegion = English;
			hasScannedForEncodings = 0;
			knownRegions = (
				en,
				Base,
			);
			mainGroup = A72BE7D51D0BE16C00C56F03;
			productRefGroup = A72BE7DF1D0BE16C00C56F03 /* Products */;
			projectDirPath = "";
			projectRoot = "";
			targets = (
				A72BE7DD1D0BE16C00C56F03 /* HYF--二维码 */,
				A72BE7F61D0BE16C00C56F03 /* HYF--二维码Tests */,
				A72BE8011D0BE16C00C56F03 /* HYF--二维码UITests */,
			);
		};
/* End PBXProject section */

/* Begin PBXResourcesBuildPhase section */
		A72BE7DC1D0BE16C00C56F03 /* Resources */ = {
			isa = PBXResourcesBuildPhase;
			buildActionMask = 2147483647;
			files = (
				A72BE7F11D0BE16C00C56F03 /* LaunchScreen.storyboard in Resources */,
				A72BE81C1D0C264300C56F03 /* Gennerator.storyboard in Resources */,
				A72BE7EE1D0BE16C00C56F03 /* Assets.xcassets in Resources */,
				A72BE8321D0C391900C56F03 /* Scanning.storyboard in Resources */,
				A72BE8291D0C2FF000C56F03 /* Gennerator2.storyboard in Resources */,
				A72BE7EC1D0BE16C00C56F03 /* Main.storyboard in Resources */,
			);
			runOnlyForDeploymentPostprocessing = 0;
		};
		A72BE7F51D0BE16C00C56F03 /* Resources */ = {
			isa = PBXResourcesBuildPhase;
			buildActionMask = 2147483647;
			files = (
			);
			runOnlyForDeploymentPostprocessing = 0;
		};
		A72BE8001D0BE16C00C56F03 /* Resources */ = {
			isa = PBXResourcesBuildPhase;
			buildActionMask = 2147483647;
			files = (
			);
			runOnlyForDeploymentPostprocessing = 0;
		};
/* End PBXResourcesBuildPhase section */

/* Begin PBXSourcesBuildPhase section */
		A72BE7DA1D0BE16C00C56F03 /* Sources */ = {
			isa = PBXSourcesBuildPhase;
			buildActionMask = 2147483647;
			files = (
				A72BE7E91D0BE16C00C56F03 /* ViewController.m in Sources */,
				A72BE7E61D0BE16C00C56F03 /* AppDelegate.m in Sources */,
				A72BE8261D0C2C1500C56F03 /* QRCodeManager.m in Sources */,
				A72BE7E31D0BE16C00C56F03 /* main.m in Sources */,
				A72BE82F1D0C303500C56F03 /* Gennerator.m in Sources */,
				A72BE81F1D0C29D700C56F03 /* Detector.m in Sources */,
				A72BE8351D0C392D00C56F03 /* Scanning.m in Sources */,
			);
			runOnlyForDeploymentPostprocessing = 0;
		};
		A72BE7F31D0BE16C00C56F03 /* Sources */ = {
			isa = PBXSourcesBuildPhase;
			buildActionMask = 2147483647;
			files = (
				A72BE7FC1D0BE16C00C56F03 /* HYF_____Tests.m in Sources */,
			);
			runOnlyForDeploymentPostprocessing = 0;
		};
		A72BE7FE1D0BE16C00C56F03 /* Sources */ = {
			isa = PBXSourcesBuildPhase;
			buildActionMask = 2147483647;
			files = (
				A72BE8071D0BE16C00C56F03 /* HYF_____UITests.m in Sources */,
			);
			runOnlyForDeploymentPostprocessing = 0;
		};
/* End PBXSourcesBuildPhase section */

/* Begin PBXTargetDependency section */
		A72BE7F91D0BE16C00C56F03 /* PBXTargetDependency */ = {
			isa = PBXTargetDependency;
			target = A72BE7DD1D0BE16C00C56F03 /* HYF--二维码 */;
			targetProxy = A72BE7F81D0BE16C00C56F03 /* PBXContainerItemProxy */;
		};
		A72BE8041D0BE16C00C56F03 /* PBXTargetDependency */ = {
			isa = PBXTargetDependency;
			target = A72BE7DD1D0BE16C00C56F03 /* HYF--二维码 */;
			targetProxy = A72BE8031D0BE16C00C56F03 /* PBXContainerItemProxy */;
		};
/* End PBXTargetDependency section */

/* Begin PBXVariantGroup section */
		A72BE7EA1D0BE16C00C56F03 /* Main.storyboard */ = {
			isa = PBXVariantGroup;
			children = (
				A72BE7EB1D0BE16C00C56F03 /* Base */,
			);
			name = Main.storyboard;
			sourceTree = "<group>";
		};
		A72BE7EF1D0BE16C00C56F03 /* LaunchScreen.storyboard */ = {
			isa = PBXVariantGroup;
			children = (
				A72BE7F01D0BE16C00C56F03 /* Base */,
			);
			name = LaunchScreen.storyboard;
			sourceTree = "<group>";
		};
		A72BE81A1D0C264300C56F03 /* Gennerator.storyboard */ = {
			isa = PBXVariantGroup;
			children = (
				A72BE81B1D0C264300C56F03 /* Base */,
			);
			name = Gennerator.storyboard;
			path = ../..;
			sourceTree = "<group>";
		};
		A72BE8271D0C2FF000C56F03 /* Gennerator2.storyboard */ = {
			isa = PBXVariantGroup;
			children = (
				A72BE8281D0C2FF000C56F03 /* Base */,
			);
			name = Gennerator2.storyboard;
			path = ../..;
			sourceTree = "<group>";
		};
		A72BE8301D0C391900C56F03 /* Scanning.storyboard */ = {
			isa = PBXVariantGroup;
			children = (
				A72BE8311D0C391900C56F03 /* Base */,
			);
			name = Scanning.storyboard;
			path = ../..;
			sourceTree = "<group>";
		};
/* End PBXVariantGroup section */

/* Begin XCBuildConfiguration section */
		A72BE8091D0BE16C00C56F03 /* Debug */ = {
			isa = XCBuildConfiguration;
			buildSettings = {
				ALWAYS_SEARCH_USER_PATHS = NO;
				CLANG_CXX_LANGUAGE_STANDARD = "gnu++0x";
				CLANG_CXX_LIBRARY = "libc++";
				CLANG_ENABLE_MODULES = YES;
				CLANG_ENABLE_OBJC_ARC = YES;
				CLANG_WARN_BOOL_CONVERSION = YES;
				CLANG_WARN_CONSTANT_CONVERSION = YES;
				CLANG_WARN_DIRECT_OBJC_ISA_USAGE = YES_ERROR;
				CLANG_WARN_EMPTY_BODY = YES;
				CLANG_WARN_ENUM_CONVERSION = YES;
				CLANG_WARN_INT_CONVERSION = YES;
				CLANG_WARN_OBJC_ROOT_CLASS = YES_ERROR;
				CLANG_WARN_UNREACHABLE_CODE = YES;
				CLANG_WARN__DUPLICATE_METHOD_MATCH = YES;
				"CODE_SIGN_IDENTITY[sdk=iphoneos*]" = "iPhone Developer";
				COPY_PHASE_STRIP = NO;
				DEBUG_INFORMATION_FORMAT = dwarf;
				ENABLE_STRICT_OBJC_MSGSEND = YES;
				ENABLE_TESTABILITY = YES;
				GCC_C_LANGUAGE_STANDARD = gnu99;
				GCC_DYNAMIC_NO_PIC = NO;
				GCC_NO_COMMON_BLOCKS = YES;
				GCC_OPTIMIZATION_LEVEL = 0;
				GCC_PREPROCESSOR_DEFINITIONS = (
					"DEBUG=1",
					"$(inherited)",
				);
				GCC_WARN_64_TO_32_BIT_CONVERSION = YES;
				GCC_WARN_ABOUT_RETURN_TYPE = YES_ERROR;
				GCC_WARN_UNDECLARED_SELECTOR = YES;
				GCC_WARN_UNINITIALIZED_AUTOS = YES_AGGRESSIVE;
				GCC_WARN_UNUSED_FUNCTION = YES;
				GCC_WARN_UNUSED_VARIABLE = YES;
				IPHONEOS_DEPLOYMENT_TARGET = 9.1;
				MTL_ENABLE_DEBUG_INFO = YES;
				ONLY_ACTIVE_ARCH = YES;
				SDKROOT = iphoneos;
				TARGETED_DEVICE_FAMILY = "1,2";
			};
			name = Debug;
		};
		A72BE80A1D0BE16C00C56F03 /* Release */ = {
			isa = XCBuildConfiguration;
			buildSettings = {
				ALWAYS_SEARCH_USER_PATHS = NO;
				CLANG_CXX_LANGUAGE_STANDARD = "gnu++0x";
				CLANG_CXX_LIBRARY = "libc++";
				CLANG_ENABLE_MODULES = YES;
				CLANG_ENABLE_OBJC_ARC = YES;
				CLANG_WARN_BOOL_CONVERSION = YES;
				CLANG_WARN_CONSTANT_CONVERSION = YES;
				CLANG_WARN_DIRECT_OBJC_ISA_USAGE = YES_ERROR;
				CLANG_WARN_EMPTY_BODY = YES;
				CLANG_WARN_ENUM_CONVERSION = YES;
				CLANG_WARN_INT_CONVERSION = YES;
				CLANG_WARN_OBJC_ROOT_CLASS = YES_ERROR;
				CLANG_WARN_UNREACHABLE_CODE = YES;
				CLANG_WARN__DUPLICATE_METHOD_MATCH = YES;
				"CODE_SIGN_IDENTITY[sdk=iphoneos*]" = "iPhone Developer";
				COPY_PHASE_STRIP = NO;
				DEBUG_INFORMATION_FORMAT = "dwarf-with-dsym";
				ENABLE_NS_ASSERTIONS = NO;
				ENABLE_STRICT_OBJC_MSGSEND = YES;
				GCC_C_LANGUAGE_STANDARD = gnu99;
				GCC_NO_COMMON_BLOCKS = YES;
				GCC_WARN_64_TO_32_BIT_CONVERSION = YES;
				GCC_WARN_ABOUT_RETURN_TYPE = YES_ERROR;
				GCC_WARN_UNDECLARED_SELECTOR = YES;
				GCC_WARN_UNINITIALIZED_AUTOS = YES_AGGRESSIVE;
				GCC_WARN_UNUSED_FUNCTION = YES;
				GCC_WARN_UNUSED_VARIABLE = YES;
				IPHONEOS_DEPLOYMENT_TARGET = 9.1;
				MTL_ENABLE_DEBUG_INFO = NO;
				SDKROOT = iphoneos;
				TARGETED_DEVICE_FAMILY = "1,2";
				VALIDATE_PRODUCT = YES;
			};
			name = Release;
		};
		A72BE80C1D0BE16C00C56F03 /* Debug */ = {
			isa = XCBuildConfiguration;
			buildSettings = {
				ASSETCATALOG_COMPILER_APPICON_NAME = AppIcon;
				INFOPLIST_FILE = "HYF--二维码/Info.plist";
				LD_RUNPATH_SEARCH_PATHS = "$(inherited) @executable_path/Frameworks";
				PRODUCT_BUNDLE_IDENTIFIER = "my-xcode01.HYF-----";
				PRODUCT_NAME = "$(TARGET_NAME)";
			};
			name = Debug;
		};
		A72BE80D1D0BE16C00C56F03 /* Release */ = {
			isa = XCBuildConfiguration;
			buildSettings = {
				ASSETCATALOG_COMPILER_APPICON_NAME = AppIcon;
				INFOPLIST_FILE = "HYF--二维码/Info.plist";
				LD_RUNPATH_SEARCH_PATHS = "$(inherited) @executable_path/Frameworks";
				PRODUCT_BUNDLE_IDENTIFIER = "my-xcode01.HYF-----";
				PRODUCT_NAME = "$(TARGET_NAME)";
			};
			name = Release;
		};
		A72BE80F1D0BE16C00C56F03 /* Debug */ = {
			isa = XCBuildConfiguration;
			buildSettings = {
				BUNDLE_LOADER = "$(TEST_HOST)";
				INFOPLIST_FILE = "HYF--二维码Tests/Info.plist";
				LD_RUNPATH_SEARCH_PATHS = "$(inherited) @executable_path/Frameworks @loader_path/Frameworks";
				PRODUCT_BUNDLE_IDENTIFIER = "my-xcode01.HYF-----Tests";
				PRODUCT_NAME = "$(TARGET_NAME)";
				TEST_HOST = "$(BUILT_PRODUCTS_DIR)/HYF--二维码.app/HYF--二维码";
			};
			name = Debug;
		};
		A72BE8101D0BE16C00C56F03 /* Release */ = {
			isa = XCBuildConfiguration;
			buildSettings = {
				BUNDLE_LOADER = "$(TEST_HOST)";
				INFOPLIST_FILE = "HYF--二维码Tests/Info.plist";
				LD_RUNPATH_SEARCH_PATHS = "$(inherited) @executable_path/Frameworks @loader_path/Frameworks";
				PRODUCT_BUNDLE_IDENTIFIER = "my-xcode01.HYF-----Tests";
				PRODUCT_NAME = "$(TARGET_NAME)";
				TEST_HOST = "$(BUILT_PRODUCTS_DIR)/HYF--二维码.app/HYF--二维码";
			};
			name = Release;
		};
		A72BE8121D0BE16C00C56F03 /* Debug */ = {
			isa = XCBuildConfiguration;
			buildSettings = {
				INFOPLIST_FILE = "HYF--二维码UITests/Info.plist";
				LD_RUNPATH_SEARCH_PATHS = "$(inherited) @executable_path/Frameworks @loader_path/Frameworks";
				PRODUCT_BUNDLE_IDENTIFIER = "my-xcode01.HYF-----UITests";
				PRODUCT_NAME = "$(TARGET_NAME)";
				TEST_TARGET_NAME = "HYF--二维码";
				USES_XCTRUNNER = YES;
			};
			name = Debug;
		};
		A72BE8131D0BE16C00C56F03 /* Release */ = {
			isa = XCBuildConfiguration;
			buildSettings = {
				INFOPLIST_FILE = "HYF--二维码UITests/Info.plist";
				LD_RUNPATH_SEARCH_PATHS = "$(inherited) @executable_path/Frameworks @loader_path/Frameworks";
				PRODUCT_BUNDLE_IDENTIFIER = "my-xcode01.HYF-----UITests";
				PRODUCT_NAME = "$(TARGET_NAME)";
				TEST_TARGET_NAME = "HYF--二维码";
				USES_XCTRUNNER = YES;
			};
			name = Release;
		};
/* End XCBuildConfiguration section */

/* Begin XCConfigurationList section */
		A72BE7D91D0BE16C00C56F03 /* Build configuration list for PBXProject "HYF--二维码" */ = {
			isa = XCConfigurationList;
			buildConfigurations = (
				A72BE8091D0BE16C00C56F03 /* Debug */,
				A72BE80A1D0BE16C00C56F03 /* Release */,
			);
			defaultConfigurationIsVisible = 0;
			defaultConfigurationName = Release;
		};
		A72BE80B1D0BE16C00C56F03 /* Build configuration list for PBXNativeTarget "HYF--二维码" */ = {
			isa = XCConfigurationList;
			buildConfigurations = (
				A72BE80C1D0BE16C00C56F03 /* Debug */,
				A72BE80D1D0BE16C00C56F03 /* Release */,
			);
			defaultConfigurationIsVisible = 0;
			defaultConfigurationName = Release;
		};
		A72BE80E1D0BE16C00C56F03 /* Build configuration list for PBXNativeTarget "HYF--二维码Tests" */ = {
			isa = XCConfigurationList;
			buildConfigurations = (
				A72BE80F1D0BE16C00C56F03 /* Debug */,
				A72BE8101D0BE16C00C56F03 /* Release */,
			);
			defaultConfigurationIsVisible = 0;
			defaultConfigurationName = Release;
		};
		A72BE8111D0BE16C00C56F03 /* Build configuration list for PBXNativeTarget "HYF--二维码UITests" */ = {
			isa = XCConfigurationList;
			buildConfigurations = (
				A72BE8121D0BE16C00C56F03 /* Debug */,
				A72BE8131D0BE16C00C56F03 /* Release */,
			);
			defaultConfigurationIsVisible = 0;
			defaultConfigurationName = Release;
		};
/* End XCConfigurationList section */
	};
	rootObject = A72BE7D61D0BE16C00C56F03 /* Project object */;
}
